
Microsoft Visual Studio Solution File, Format Version 12.00
# Visual Studio Version 17
VisualStudioVersion = 17.10.35013.160
MinimumVisualStudioVersion = 10.0.40219.1
Project("{9A19103F-16F7-4668-BE54-9A1E7A4F7556}") = "MaiaIO.TDD.CLI", "MaiaIO.TDD.CLI\MaiaIO.TDD.CLI.csproj", "{A3594F7C-92C5-4879-8375-384FA4CDE162}"
EndProject
Project("{9A19103F-16F7-4668-BE54-9A1E7A4F7556}") = "MaiaIO.TDD.CLI.Teste", "MaiaIO.TDD.CLI.Teste\MaiaIO.TDD.CLI.Teste.csproj", "{01EC1519-F029-472C-ACA7-7E180E7FBCB3}"
EndProject
Project("{2150E333-8FDC-42A3-9474-1A3956D46DE8}") = "src", "src", "{2F3D2671-4997-4709-B2EB-6BA03FB4A8AF}"
EndProject
Project("{2150E333-8FDC-42A3-9474-1A3956D46DE8}") = "tests", "tests", "{81B0EFE4-0DD4-4924-AFAB-F42E790D808C}"
EndProject
Project("{2150E333-8FDC-42A3-9474-1A3956D46DE8}") = "sql", "sql", "{08303287-A684-40FB-8D7D-BBF17180DBA9}"
	ProjectSection(SolutionItems) = preProject
		CREATE_FACTORY.sql = CREATE_FACTORY.sql
		CREATE_PRODUCTIONLINE.sql = CREATE_PRODUCTIONLINE.sql
	EndProjectSection
EndProject
Project("{2150E333-8FDC-42A3-9474-1A3956D46DE8}") = "docs", "docs", "{EE3D278A-D49C-4F75-9D03-44AD1CD213AE}"
EndProject
Project("{9A19103F-16F7-4668-BE54-9A1E7A4F7556}") = "MaiaIO.TDD.Domain", "MaiaIO.TDD.Domain\MaiaIO.TDD.Domain.csproj", "{F93E6DDB-1117-4562-8A07-C0138EDA3A63}"
EndProject
Project("{9A19103F-16F7-4668-BE54-9A1E7A4F7556}") = "MaiaIO.TDD.Infra", "MaiaIO.TDD.Infra\MaiaIO.TDD.Infra.csproj", "{6A4AA12E-8711-42B1-A61E-5CD9A69D424E}"
EndProject
Project("{9A19103F-16F7-4668-BE54-9A1E7A4F7556}") = "MaiaIO.TDD.Workers", "MaiaIO.TDD.Workers\MaiaIO.TDD.Workers.csproj", "{BE7A1E20-F7C9-4EC8-A97D-D47106DD4B3A}"
EndProject
Project("{9A19103F-16F7-4668-BE54-9A1E7A4F7556}") = "MaiaIO.TDD.Jobs", "MaiaIO.TDD.Jobs\MaiaIO.TDD.Jobs.csproj", "{F0200CCF-E17B-4BA0-B1D6-8A677F8487D4}"
EndProject
Project("{9A19103F-16F7-4668-BE54-9A1E7A4F7556}") = "MaiaIO.TDD.IoC", "MaiaIO.TDD.IoC\MaiaIO.TDD.IoC.csproj", "{F4A1282E-D980-4987-9FED-6B4BFFF55E68}"
EndProject
Project("{9A19103F-16F7-4668-BE54-9A1E7A4F7556}") = "MaiaIO.TDD.Core", "MaiaIO.TDD.Core\MaiaIO.TDD.Core.csproj", "{717E0ACC-2CF8-4196-87FD-DDD3BCC6F814}"
EndProject
Project("{2150E333-8FDC-42A3-9474-1A3956D46DE8}") = "01_CLI", "01_CLI", "{D7467155-9003-4277-9527-99FD04849377}"
EndProject
Project("{FAE04EC0-301F-11D3-BF4B-00C04F79EFBC}") = "MaiaIO.TDD.API", "MaiaIO.TDD.API\MaiaIO.TDD.API.csproj", "{45DEAD40-3260-4EF2-BED8-425C5354E4FE}"
EndProject
Global
	GlobalSection(SolutionConfigurationPlatforms) = preSolution
		Debug|Any CPU = Debug|Any CPU
		Release|Any CPU = Release|Any CPU
	EndGlobalSection
	GlobalSection(ProjectConfigurationPlatforms) = postSolution
		{A3594F7C-92C5-4879-8375-384FA4CDE162}.Debug|Any CPU.ActiveCfg = Debug|Any CPU
		{A3594F7C-92C5-4879-8375-384FA4CDE162}.Debug|Any CPU.Build.0 = Debug|Any CPU
		{A3594F7C-92C5-4879-8375-384FA4CDE162}.Release|Any CPU.ActiveCfg = Release|Any CPU
		{A3594F7C-92C5-4879-8375-384FA4CDE162}.Release|Any CPU.Build.0 = Release|Any CPU
		{01EC1519-F029-472C-ACA7-7E180E7FBCB3}.Debug|Any CPU.ActiveCfg = Debug|Any CPU
		{01EC1519-F029-472C-ACA7-7E180E7FBCB3}.Debug|Any CPU.Build.0 = Debug|Any CPU
		{01EC1519-F029-472C-ACA7-7E180E7FBCB3}.Release|Any CPU.ActiveCfg = Release|Any CPU
		{01EC1519-F029-472C-ACA7-7E180E7FBCB3}.Release|Any CPU.Build.0 = Release|Any CPU
		{F93E6DDB-1117-4562-8A07-C0138EDA3A63}.Debug|Any CPU.ActiveCfg = Debug|Any CPU
		{F93E6DDB-1117-4562-8A07-C0138EDA3A63}.Debug|Any CPU.Build.0 = Debug|Any CPU
		{F93E6DDB-1117-4562-8A07-C0138EDA3A63}.Release|Any CPU.ActiveCfg = Release|Any CPU
		{F93E6DDB-1117-4562-8A07-C0138EDA3A63}.Release|Any CPU.Build.0 = Release|Any CPU
		{6A4AA12E-8711-42B1-A61E-5CD9A69D424E}.Debug|Any CPU.ActiveCfg = Debug|Any CPU
		{6A4AA12E-8711-42B1-A61E-5CD9A69D424E}.Debug|Any CPU.Build.0 = Debug|Any CPU
		{6A4AA12E-8711-42B1-A61E-5CD9A69D424E}.Release|Any CPU.ActiveCfg = Release|Any CPU
		{6A4AA12E-8711-42B1-A61E-5CD9A69D424E}.Release|Any CPU.Build.0 = Release|Any CPU
		{BE7A1E20-F7C9-4EC8-A97D-D47106DD4B3A}.Debug|Any CPU.ActiveCfg = Debug|Any CPU
		{BE7A1E20-F7C9-4EC8-A97D-D47106DD4B3A}.Debug|Any CPU.Build.0 = Debug|Any CPU
		{BE7A1E20-F7C9-4EC8-A97D-D47106DD4B3A}.Release|Any CPU.ActiveCfg = Release|Any CPU
		{BE7A1E20-F7C9-4EC8-A97D-D47106DD4B3A}.Release|Any CPU.Build.0 = Release|Any CPU
		{F0200CCF-E17B-4BA0-B1D6-8A677F8487D4}.Debug|Any CPU.ActiveCfg = Debug|Any CPU
		{F0200CCF-E17B-4BA0-B1D6-8A677F8487D4}.Debug|Any CPU.Build.0 = Debug|Any CPU
		{F0200CCF-E17B-4BA0-B1D6-8A677F8487D4}.Release|Any CPU.ActiveCfg = Release|Any CPU
		{F0200CCF-E17B-4BA0-B1D6-8A677F8487D4}.Release|Any CPU.Build.0 = Release|Any CPU
		{F4A1282E-D980-4987-9FED-6B4BFFF55E68}.Debug|Any CPU.ActiveCfg = Debug|Any CPU
		{F4A1282E-D980-4987-9FED-6B4BFFF55E68}.Debug|Any CPU.Build.0 = Debug|Any CPU
		{F4A1282E-D980-4987-9FED-6B4BFFF55E68}.Release|Any CPU.ActiveCfg = Release|Any CPU
		{F4A1282E-D980-4987-9FED-6B4BFFF55E68}.Release|Any CPU.Build.0 = Release|Any CPU
		{717E0ACC-2CF8-4196-87FD-DDD3BCC6F814}.Debug|Any CPU.ActiveCfg = Debug|Any CPU
		{717E0ACC-2CF8-4196-87FD-DDD3BCC6F814}.Debug|Any CPU.Build.0 = Debug|Any CPU
		{717E0ACC-2CF8-4196-87FD-DDD3BCC6F814}.Release|Any CPU.ActiveCfg = Release|Any CPU
		{717E0ACC-2CF8-4196-87FD-DDD3BCC6F814}.Release|Any CPU.Build.0 = Release|Any CPU
		{45DEAD40-3260-4EF2-BED8-425C5354E4FE}.Debug|Any CPU.ActiveCfg = Debug|Any CPU
		{45DEAD40-3260-4EF2-BED8-425C5354E4FE}.Debug|Any CPU.Build.0 = Debug|Any CPU
		{45DEAD40-3260-4EF2-BED8-425C5354E4FE}.Release|Any CPU.ActiveCfg = Release|Any CPU
		{45DEAD40-3260-4EF2-BED8-425C5354E4FE}.Release|Any CPU.Build.0 = Release|Any CPU
	EndGlobalSection
	GlobalSection(SolutionProperties) = preSolution
		HideSolutionNode = FALSE
	EndGlobalSection
	GlobalSection(NestedProjects) = preSolution
		{A3594F7C-92C5-4879-8375-384FA4CDE162} = {D7467155-9003-4277-9527-99FD04849377}
		{01EC1519-F029-472C-ACA7-7E180E7FBCB3} = {81B0EFE4-0DD4-4924-AFAB-F42E790D808C}
		{F93E6DDB-1117-4562-8A07-C0138EDA3A63} = {2F3D2671-4997-4709-B2EB-6BA03FB4A8AF}
		{6A4AA12E-8711-42B1-A61E-5CD9A69D424E} = {2F3D2671-4997-4709-B2EB-6BA03FB4A8AF}
		{BE7A1E20-F7C9-4EC8-A97D-D47106DD4B3A} = {2F3D2671-4997-4709-B2EB-6BA03FB4A8AF}
		{F0200CCF-E17B-4BA0-B1D6-8A677F8487D4} = {2F3D2671-4997-4709-B2EB-6BA03FB4A8AF}
		{F4A1282E-D980-4987-9FED-6B4BFFF55E68} = {2F3D2671-4997-4709-B2EB-6BA03FB4A8AF}
		{717E0ACC-2CF8-4196-87FD-DDD3BCC6F814} = {2F3D2671-4997-4709-B2EB-6BA03FB4A8AF}
		{D7467155-9003-4277-9527-99FD04849377} = {2F3D2671-4997-4709-B2EB-6BA03FB4A8AF}
		{45DEAD40-3260-4EF2-BED8-425C5354E4FE} = {2F3D2671-4997-4709-B2EB-6BA03FB4A8AF}
	EndGlobalSection
	GlobalSection(ExtensibilityGlobals) = postSolution
		SolutionGuid = {B38F3AFB-6D2B-4CCB-A85E-E199346AF9BC}
	EndGlobalSection
EndGlobal
